
Microsoft Visual Studio Solution File, Format Version 12.00
# Visual Studio Version 16
VisualStudioVersion = 16.0.29209.62
MinimumVisualStudioVersion = 10.0.40219.1
Project("{FAE04EC0-301F-11D3-BF4B-00C04F79EFBC}") = "CB_Autotest", "CB_Autotest.csproj", "{55C03397-39A8-48E8-837F-3258F5F23BA8}"
EndProject
Global
	GlobalSection(SolutionConfigurationPlatforms) = preSolution
		Debug|Any CPU = Debug|Any CPU
		Release|Any CPU = Release|Any CPU
	EndGlobalSection
	GlobalSection(ProjectConfigurationPlatforms) = postSolution
		{55C03397-39A8-48E8-837F-3258F5F23BA8}.Debug|Any CPU.ActiveCfg = Debug|Any CPU
		{55C03397-39A8-48E8-837F-3258F5F23BA8}.Debug|Any CPU.Build.0 = Debug|Any CPU
		{55C03397-39A8-48E8-837F-3258F5F23BA8}.Release|Any CPU.ActiveCfg = Release|Any CPU
		{55C03397-39A8-48E8-837F-3258F5F23BA8}.Release|Any CPU.Build.0 = Release|Any CPU
	EndGlobalSection
	GlobalSection(SolutionProperties) = preSolution
		HideSolutionNode = FALSE
	EndGlobalSection
	GlobalSection(ExtensibilityGlobals) = postSolution
		SolutionGuid = {3D19795A-B5F0-44FA-8D3E-F822C76828E8}
	EndGlobalSection
EndGlobal
